
Microsoft Visual Studio Solution File, Format Version 12.00
# Visual Studio 15
VisualStudioVersion = 15.0.28307.136
MinimumVisualStudioVersion = 10.0.40219.1
Project("{FAE04EC0-301F-11D3-BF4B-00C04F79EFBC}") = "TattooShop.Web", "Web\TattooShop.Web\TattooShop.Web.csproj", "{A25B8953-7AD8-425C-A49E-E9D2E2DDB2F2}"
EndProject
Project("{FAE04EC0-301F-11D3-BF4B-00C04F79EFBC}") = "TattooShop.Data", "Data\TattooShop.Data\TattooShop.Data.csproj", "{40AB39BF-621F-445A-9A38-3D62F63D9B23}"
EndProject
Project("{FAE04EC0-301F-11D3-BF4B-00C04F79EFBC}") = "TattooShop.Data.Models", "Data\TattooShop.Data.Models\TattooShop.Data.Models.csproj", "{54F2CF53-C8AA-4D99-895C-5016691653D0}"
EndProject
Project("{FAE04EC0-301F-11D3-BF4B-00C04F79EFBC}") = "Sandbox", "Tests\Sandbox\Sandbox.csproj", "{6678264B-7491-40BA-9F2F-D8103363F89E}"
EndProject
Global
	GlobalSection(SolutionConfigurationPlatforms) = preSolution
		Debug|Any CPU = Debug|Any CPU
		Release|Any CPU = Release|Any CPU
	EndGlobalSection
	GlobalSection(ProjectConfigurationPlatforms) = postSolution
		{A25B8953-7AD8-425C-A49E-E9D2E2DDB2F2}.Debug|Any CPU.ActiveCfg = Debug|Any CPU
		{A25B8953-7AD8-425C-A49E-E9D2E2DDB2F2}.Debug|Any CPU.Build.0 = Debug|Any CPU
		{A25B8953-7AD8-425C-A49E-E9D2E2DDB2F2}.Release|Any CPU.ActiveCfg = Release|Any CPU
		{A25B8953-7AD8-425C-A49E-E9D2E2DDB2F2}.Release|Any CPU.Build.0 = Release|Any CPU
		{40AB39BF-621F-445A-9A38-3D62F63D9B23}.Debug|Any CPU.ActiveCfg = Debug|Any CPU
		{40AB39BF-621F-445A-9A38-3D62F63D9B23}.Debug|Any CPU.Build.0 = Debug|Any CPU
		{40AB39BF-621F-445A-9A38-3D62F63D9B23}.Release|Any CPU.ActiveCfg = Release|Any CPU
		{40AB39BF-621F-445A-9A38-3D62F63D9B23}.Release|Any CPU.Build.0 = Release|Any CPU
		{54F2CF53-C8AA-4D99-895C-5016691653D0}.Debug|Any CPU.ActiveCfg = Debug|Any CPU
		{54F2CF53-C8AA-4D99-895C-5016691653D0}.Debug|Any CPU.Build.0 = Debug|Any CPU
		{54F2CF53-C8AA-4D99-895C-5016691653D0}.Release|Any CPU.ActiveCfg = Release|Any CPU
		{54F2CF53-C8AA-4D99-895C-5016691653D0}.Release|Any CPU.Build.0 = Release|Any CPU
		{6678264B-7491-40BA-9F2F-D8103363F89E}.Debug|Any CPU.ActiveCfg = Debug|Any CPU
		{6678264B-7491-40BA-9F2F-D8103363F89E}.Debug|Any CPU.Build.0 = Debug|Any CPU
		{6678264B-7491-40BA-9F2F-D8103363F89E}.Release|Any CPU.ActiveCfg = Release|Any CPU
		{6678264B-7491-40BA-9F2F-D8103363F89E}.Release|Any CPU.Build.0 = Release|Any CPU
	EndGlobalSection
	GlobalSection(SolutionProperties) = preSolution
		HideSolutionNode = FALSE
	EndGlobalSection
	GlobalSection(ExtensibilityGlobals) = postSolution
		SolutionGuid = {06FA572E-F216-43B7-91BD-892C3D033E00}
	EndGlobalSection
EndGlobal
